
Microsoft Visual Studio Solution File, Format Version 12.00
# Visual Studio 2012
Project("{FAE04EC0-301F-11D3-BF4B-00C04F79EFBC}") = "CRMGemeenschap", "GemeenschapProject\CRMGemeenschap.csproj", "{F77A15EA-C794-49F3-ADE1-6A414AF51416}"
EndProject
Project("{FAE04EC0-301F-11D3-BF4B-00C04F79EFBC}") = "CRMTest", "CRMTest\CRMTest.csproj", "{2E6BD599-535B-4CF0-9CB8-5DA1022C8A4E}"
EndProject
Project("{FAE04EC0-301F-11D3-BF4B-00C04F79EFBC}") = "CRMWpf", "CRMWpf\CRMWpf.csproj", "{84ABB2A6-183E-4F20-946C-1F315F204256}"
EndProject
Global
	GlobalSection(SolutionConfigurationPlatforms) = preSolution
		Debug|Any CPU = Debug|Any CPU
		Release|Any CPU = Release|Any CPU
	EndGlobalSection
	GlobalSection(ProjectConfigurationPlatforms) = postSolution
		{F77A15EA-C794-49F3-ADE1-6A414AF51416}.Debug|Any CPU.ActiveCfg = Debug|Any CPU
		{F77A15EA-C794-49F3-ADE1-6A414AF51416}.Debug|Any CPU.Build.0 = Debug|Any CPU
		{F77A15EA-C794-49F3-ADE1-6A414AF51416}.Release|Any CPU.ActiveCfg = Release|Any CPU
		{F77A15EA-C794-49F3-ADE1-6A414AF51416}.Release|Any CPU.Build.0 = Release|Any CPU
		{2E6BD599-535B-4CF0-9CB8-5DA1022C8A4E}.Debug|Any CPU.ActiveCfg = Debug|Any CPU
		{2E6BD599-535B-4CF0-9CB8-5DA1022C8A4E}.Debug|Any CPU.Build.0 = Debug|Any CPU
		{2E6BD599-535B-4CF0-9CB8-5DA1022C8A4E}.Release|Any CPU.ActiveCfg = Release|Any CPU
		{2E6BD599-535B-4CF0-9CB8-5DA1022C8A4E}.Release|Any CPU.Build.0 = Release|Any CPU
		{84ABB2A6-183E-4F20-946C-1F315F204256}.Debug|Any CPU.ActiveCfg = Debug|Any CPU
		{84ABB2A6-183E-4F20-946C-1F315F204256}.Debug|Any CPU.Build.0 = Debug|Any CPU
		{84ABB2A6-183E-4F20-946C-1F315F204256}.Release|Any CPU.ActiveCfg = Release|Any CPU
		{84ABB2A6-183E-4F20-946C-1F315F204256}.Release|Any CPU.Build.0 = Release|Any CPU
	EndGlobalSection
	GlobalSection(SolutionProperties) = preSolution
		HideSolutionNode = FALSE
	EndGlobalSection
EndGlobal
